
Microsoft Visual Studio Solution File, Format Version 12.00
# Visual Studio Version 16
VisualStudioVersion = 16.0.30413.136
MinimumVisualStudioVersion = 10.0.40219.1
Project("{FAE04EC0-301F-11D3-BF4B-00C04F79EFBC}") = "Lumememm.Android", "Lumememm\Lumememm.Android\Lumememm.Android.csproj", "{57AA9845-852E-48FF-82B6-671131E62ACB}"
EndProject
Project("{FAE04EC0-301F-11D3-BF4B-00C04F79EFBC}") = "Lumememm.iOS", "Lumememm\Lumememm.iOS\Lumememm.iOS.csproj", "{5501A36C-9E55-4EF2-85E1-9A28C220CE09}"
EndProject
Project("{FAE04EC0-301F-11D3-BF4B-00C04F79EFBC}") = "Lumememm", "Lumememm\Lumememm\Lumememm.csproj", "{C192F264-9AC0-4A47-9841-6CB024B9016C}"
EndProject
Global
	GlobalSection(SolutionConfigurationPlatforms) = preSolution
		Debug|Any CPU = Debug|Any CPU
		Debug|iPhone = Debug|iPhone
		Debug|iPhoneSimulator = Debug|iPhoneSimulator
		Release|Any CPU = Release|Any CPU
		Release|iPhone = Release|iPhone
		Release|iPhoneSimulator = Release|iPhoneSimulator
	EndGlobalSection
	GlobalSection(ProjectConfigurationPlatforms) = postSolution
		{57AA9845-852E-48FF-82B6-671131E62ACB}.Debug|Any CPU.ActiveCfg = Debug|Any CPU
		{57AA9845-852E-48FF-82B6-671131E62ACB}.Debug|Any CPU.Build.0 = Debug|Any CPU
		{57AA9845-852E-48FF-82B6-671131E62ACB}.Debug|Any CPU.Deploy.0 = Debug|Any CPU
		{57AA9845-852E-48FF-82B6-671131E62ACB}.Debug|iPhone.ActiveCfg = Debug|Any CPU
		{57AA9845-852E-48FF-82B6-671131E62ACB}.Debug|iPhone.Build.0 = Debug|Any CPU
		{57AA9845-852E-48FF-82B6-671131E62ACB}.Debug|iPhone.Deploy.0 = Debug|Any CPU
		{57AA9845-852E-48FF-82B6-671131E62ACB}.Debug|iPhoneSimulator.ActiveCfg = Debug|Any CPU
		{57AA9845-852E-48FF-82B6-671131E62ACB}.Debug|iPhoneSimulator.Build.0 = Debug|Any CPU
		{57AA9845-852E-48FF-82B6-671131E62ACB}.Debug|iPhoneSimulator.Deploy.0 = Debug|Any CPU
		{57AA9845-852E-48FF-82B6-671131E62ACB}.Release|Any CPU.ActiveCfg = Release|Any CPU
		{57AA9845-852E-48FF-82B6-671131E62ACB}.Release|Any CPU.Build.0 = Release|Any CPU
		{57AA9845-852E-48FF-82B6-671131E62ACB}.Release|Any CPU.Deploy.0 = Release|Any CPU
		{57AA9845-852E-48FF-82B6-671131E62ACB}.Release|iPhone.ActiveCfg = Release|Any CPU
		{57AA9845-852E-48FF-82B6-671131E62ACB}.Release|iPhone.Build.0 = Release|Any CPU
		{57AA9845-852E-48FF-82B6-671131E62ACB}.Release|iPhone.Deploy.0 = Release|Any CPU
		{57AA9845-852E-48FF-82B6-671131E62ACB}.Release|iPhoneSimulator.ActiveCfg = Release|Any CPU
		{57AA9845-852E-48FF-82B6-671131E62ACB}.Release|iPhoneSimulator.Build.0 = Release|Any CPU
		{57AA9845-852E-48FF-82B6-671131E62ACB}.Release|iPhoneSimulator.Deploy.0 = Release|Any CPU
		{5501A36C-9E55-4EF2-85E1-9A28C220CE09}.Debug|Any CPU.ActiveCfg = Debug|iPhone
		{5501A36C-9E55-4EF2-85E1-9A28C220CE09}.Debug|Any CPU.Build.0 = Debug|iPhone
		{5501A36C-9E55-4EF2-85E1-9A28C220CE09}.Debug|Any CPU.Deploy.0 = Debug|iPhone
		{5501A36C-9E55-4EF2-85E1-9A28C220CE09}.Debug|iPhone.ActiveCfg = Debug|iPhone
		{5501A36C-9E55-4EF2-85E1-9A28C220CE09}.Debug|iPhone.Build.0 = Debug|iPhone
		{5501A36C-9E55-4EF2-85E1-9A28C220CE09}.Debug|iPhone.Deploy.0 = Debug|iPhone
		{5501A36C-9E55-4EF2-85E1-9A28C220CE09}.Debug|iPhoneSimulator.ActiveCfg = Debug|iPhoneSimulator
		{5501A36C-9E55-4EF2-85E1-9A28C220CE09}.Debug|iPhoneSimulator.Build.0 = Debug|iPhoneSimulator
		{5501A36C-9E55-4EF2-85E1-9A28C220CE09}.Debug|iPhoneSimulator.Deploy.0 = Debug|iPhoneSimulator
		{5501A36C-9E55-4EF2-85E1-9A28C220CE09}.Release|Any CPU.ActiveCfg = Release|iPhone
		{5501A36C-9E55-4EF2-85E1-9A28C220CE09}.Release|Any CPU.Build.0 = Release|iPhone
		{5501A36C-9E55-4EF2-85E1-9A28C220CE09}.Release|Any CPU.Deploy.0 = Release|iPhone
		{5501A36C-9E55-4EF2-85E1-9A28C220CE09}.Release|iPhone.ActiveCfg = Release|iPhone
		{5501A36C-9E55-4EF2-85E1-9A28C220CE09}.Release|iPhone.Build.0 = Release|iPhone
		{5501A36C-9E55-4EF2-85E1-9A28C220CE09}.Release|iPhone.Deploy.0 = Release|iPhone
		{5501A36C-9E55-4EF2-85E1-9A28C220CE09}.Release|iPhoneSimulator.ActiveCfg = Release|iPhoneSimulator
		{5501A36C-9E55-4EF2-85E1-9A28C220CE09}.Release|iPhoneSimulator.Build.0 = Release|iPhoneSimulator
		{5501A36C-9E55-4EF2-85E1-9A28C220CE09}.Release|iPhoneSimulator.Deploy.0 = Release|iPhoneSimulator
		{C192F264-9AC0-4A47-9841-6CB024B9016C}.Debug|Any CPU.ActiveCfg = Debug|Any CPU
		{C192F264-9AC0-4A47-9841-6CB024B9016C}.Debug|Any CPU.Build.0 = Debug|Any CPU
		{C192F264-9AC0-4A47-9841-6CB024B9016C}.Debug|Any CPU.Deploy.0 = Debug|Any CPU
		{C192F264-9AC0-4A47-9841-6CB024B9016C}.Debug|iPhone.ActiveCfg = Debug|Any CPU
		{C192F264-9AC0-4A47-9841-6CB024B9016C}.Debug|iPhone.Build.0 = Debug|Any CPU
		{C192F264-9AC0-4A47-9841-6CB024B9016C}.Debug|iPhone.Deploy.0 = Debug|Any CPU
		{C192F264-9AC0-4A47-9841-6CB024B9016C}.Debug|iPhoneSimulator.ActiveCfg = Debug|Any CPU
		{C192F264-9AC0-4A47-9841-6CB024B9016C}.Debug|iPhoneSimulator.Build.0 = Debug|Any CPU
		{C192F264-9AC0-4A47-9841-6CB024B9016C}.Debug|iPhoneSimulator.Deploy.0 = Debug|Any CPU
		{C192F264-9AC0-4A47-9841-6CB024B9016C}.Release|Any CPU.ActiveCfg = Release|Any CPU
		{C192F264-9AC0-4A47-9841-6CB024B9016C}.Release|Any CPU.Build.0 = Release|Any CPU
		{C192F264-9AC0-4A47-9841-6CB024B9016C}.Release|Any CPU.Deploy.0 = Release|Any CPU
		{C192F264-9AC0-4A47-9841-6CB024B9016C}.Release|iPhone.ActiveCfg = Release|Any CPU
		{C192F264-9AC0-4A47-9841-6CB024B9016C}.Release|iPhone.Build.0 = Release|Any CPU
		{C192F264-9AC0-4A47-9841-6CB024B9016C}.Release|iPhone.Deploy.0 = Release|Any CPU
		{C192F264-9AC0-4A47-9841-6CB024B9016C}.Release|iPhoneSimulator.ActiveCfg = Release|Any CPU
		{C192F264-9AC0-4A47-9841-6CB024B9016C}.Release|iPhoneSimulator.Build.0 = Release|Any CPU
		{C192F264-9AC0-4A47-9841-6CB024B9016C}.Release|iPhoneSimulator.Deploy.0 = Release|Any CPU
	EndGlobalSection
	GlobalSection(SolutionProperties) = preSolution
		HideSolutionNode = FALSE
	EndGlobalSection
	GlobalSection(ExtensibilityGlobals) = postSolution
		SolutionGuid = {40FC4731-0A59-4A73-B391-6845E9EF5B9D}
	EndGlobalSection
EndGlobal
